// !$*UTF8*$!
{
	archiveVersion = 1;
	classes = {
	};
	objectVersion = 56;
	objects = {

/* Begin PBXBuildFile section */
		647CD4212AB4C06D008F4B46 /* AppDelegate.swift in Sources */ = {isa = PBXBuildFile; fileRef = 647CD4202AB4C06D008F4B46 /* AppDelegate.swift */; };
		647CD4232AB4C06D008F4B46 /* SceneDelegate.swift in Sources */ = {isa = PBXBuildFile; fileRef = 647CD4222AB4C06D008F4B46 /* SceneDelegate.swift */; };
		647CD4252AB4C06D008F4B46 /* ViewController.swift in Sources */ = {isa = PBXBuildFile; fileRef = 647CD4242AB4C06D008F4B46 /* ViewController.swift */; };
		647CD4282AB4C06D008F4B46 /* Main.storyboard in Resources */ = {isa = PBXBuildFile; fileRef = 647CD4262AB4C06D008F4B46 /* Main.storyboard */; };
		647CD42B2AB4C06D008F4B46 /* CoreData_App.xcdatamodeld in Sources */ = {isa = PBXBuildFile; fileRef = 647CD4292AB4C06D008F4B46 /* CoreData_App.xcdatamodeld */; };
		647CD42D2AB4C06E008F4B46 /* Assets.xcassets in Resources */ = {isa = PBXBuildFile; fileRef = 647CD42C2AB4C06E008F4B46 /* Assets.xcassets */; };
		647CD4302AB4C06E008F4B46 /* LaunchScreen.storyboard in Resources */ = {isa = PBXBuildFile; fileRef = 647CD42E2AB4C06E008F4B46 /* LaunchScreen.storyboard */; };
/* End PBXBuildFile section */

/* Begin PBXFileReference section */
		647CD41D2AB4C06D008F4B46 /* CoreData-App.app */ = {isa = PBXFileReference; explicitFileType = wrapper.application; includeInIndex = 0; path = "CoreData-App.app"; sourceTree = BUILT_PRODUCTS_DIR; };
		647CD4202AB4C06D008F4B46 /* AppDelegate.swift */ = {isa = PBXFileReference; lastKnownFileType = sourcecode.swift; path = AppDelegate.swift; sourceTree = "<group>"; };
		647CD4222AB4C06D008F4B46 /* SceneDelegate.swift */ = {isa = PBXFileReference; lastKnownFileType = sourcecode.swift; path = SceneDelegate.swift; sourceTree = "<group>"; };
		647CD4242AB4C06D008F4B46 /* ViewController.swift */ = {isa = PBXFileReference; lastKnownFileType = sourcecode.swift; path = ViewController.swift; sourceTree = "<group>"; };
		647CD4272AB4C06D008F4B46 /* Base */ = {isa = PBXFileReference; lastKnownFileType = file.storyboard; name = Base; path = Base.lproj/Main.storyboard; sourceTree = "<group>"; };
		647CD42A2AB4C06D008F4B46 /* CoreData_App.xcdatamodel */ = {isa = PBXFileReference; lastKnownFileType = wrapper.xcdatamodel; path = CoreData_App.xcdatamodel; sourceTree = "<group>"; };
		647CD42C2AB4C06E008F4B46 /* Assets.xcassets */ = {isa = PBXFileReference; lastKnownFileType = folder.assetcatalog; path = Assets.xcassets; sourceTree = "<group>"; };
		647CD42F2AB4C06E008F4B46 /* Base */ = {isa = PBXFileReference; lastKnownFileType = file.storyboard; name = Base; path = Base.lproj/LaunchScreen.storyboard; sourceTree = "<group>"; };
		647CD4312AB4C06E008F4B46 /* Info.plist */ = {isa = PBXFileReference; lastKnownFileType = text.plist.xml; path = Info.plist; sourceTree = "<group>"; };
/* End PBXFileReference section */

/* Begin PBXFrameworksBuildPhase section */
		647CD41A2AB4C06D008F4B46 /* Frameworks */ = {
			isa = PBXFrameworksBuildPhase;
			buildActionMask = 2147483647;
			files = (
			);
			runOnlyForDeploymentPostprocessing = 0;
		};
/* End PBXFrameworksBuildPhase section */

/* Begin PBXGroup section */
		647CD4142AB4C06D008F4B46 = {
			isa = PBXGroup;
			children = (
				647CD41F2AB4C06D008F4B46 /* CoreData-App */,
				647CD41E2AB4C06D008F4B46 /* Products */,
			);
			sourceTree = "<group>";
		};
		647CD41E2AB4C06D008F4B46 /* Products */ = {
			isa = PBXGroup;
			children = (
				647CD41D2AB4C06D008F4B46 /* CoreData-App.app */,
			);
			name = Products;
			sourceTree = "<group>";
		};
		647CD41F2AB4C06D008F4B46 /* CoreData-App */ = {
			isa = PBXGroup;
			children = (
				647CD4202AB4C06D008F4B46 /* AppDelegate.swift */,
				647CD4222AB4C06D008F4B46 /* SceneDelegate.swift */,
				647CD4242AB4C06D008F4B46 /* ViewController.swift */,
				647CD4262AB4C06D008F4B46 /* Main.storyboard */,
				647CD42C2AB4C06E008F4B46 /* Assets.xcassets */,
				647CD42E2AB4C06E008F4B46 /* LaunchScreen.storyboard */,
				647CD4312AB4C06E008F4B46 /* Info.plist */,
				647CD4292AB4C06D008F4B46 /* CoreData_App.xcdatamodeld */,
			);
			path = "CoreData-App";
			sourceTree = "<group>";
		};
/* End PBXGroup section */

/* Begin PBXNativeTarget section */
		647CD41C2AB4C06D008F4B46 /* CoreData-App */ = {
			isa = PBXNativeTarget;
			buildConfigurationList = 647CD4342AB4C06E008F4B46 /* Build configuration list for PBXNativeTarget "CoreData-App" */;
			buildPhases = (
				647CD4192AB4C06D008F4B46 /* Sources */,
				647CD41A2AB4C06D008F4B46 /* Frameworks */,
				647CD41B2AB4C06D008F4B46 /* Resources */,
			);
			buildRules = (
			);
			dependencies = (
			);
			name = "CoreData-App";
			productName = "CoreData-App";
			productReference = 647CD41D2AB4C06D008F4B46 /* CoreData-App.app */;
			productType = "com.apple.product-type.application";
		};
/* End PBXNativeTarget section */

/* Begin PBXProject section */
		647CD4152AB4C06D008F4B46 /* Project object */ = {
			isa = PBXProject;
			attributes = {
				BuildIndependentTargetsInParallel = 1;
				LastSwiftUpdateCheck = 1420;
				LastUpgradeCheck = 1420;
				TargetAttributes = {
					647CD41C2AB4C06D008F4B46 = {
						CreatedOnToolsVersion = 14.2;
					};
				};
			};
			buildConfigurationList = 647CD4182AB4C06D008F4B46 /* Build configuration list for PBXProject "CoreData-App" */;
			compatibilityVersion = "Xcode 14.0";
			developmentRegion = en;
			hasScannedForEncodings = 0;
			knownRegions = (
				en,
				Base,
			);
			mainGroup = 647CD4142AB4C06D008F4B46;
			productRefGroup = 647CD41E2AB4C06D008F4B46 /* Products */;
			projectDirPath = "";
			projectRoot = "";
			targets = (
				647CD41C2AB4C06D008F4B46 /* CoreData-App */,
			);
		};
/* End PBXProject section */

/* Begin PBXResourcesBuildPhase section */
		647CD41B2AB4C06D008F4B46 /* Resources */ = {
			isa = PBXResourcesBuildPhase;
			buildActionMask = 2147483647;
			files = (
				647CD4302AB4C06E008F4B46 /* LaunchScreen.storyboard in Resources */,
				647CD42D2AB4C06E008F4B46 /* Assets.xcassets in Resources */,
				647CD4282AB4C06D008F4B46 /* Main.storyboard in Resources */,
			);
			runOnlyForDeploymentPostprocessing = 0;
		};
/* End PBXResourcesBuildPhase section */

/* Begin PBXSourcesBuildPhase section */
		647CD4192AB4C06D008F4B46 /* Sources */ = {
			isa = PBXSourcesBuildPhase;
			buildActionMask = 2147483647;
			files = (
				647CD42B2AB4C06D008F4B46 /* CoreData_App.xcdatamodeld in Sources */,
				647CD4252AB4C06D008F4B46 /* ViewController.swift in Sources */,
				647CD4212AB4C06D008F4B46 /* AppDelegate.swift in Sources */,
				647CD4232AB4C06D008F4B46 /* SceneDelegate.swift in Sources */,
			);
			runOnlyForDeploymentPostprocessing = 0;
		};
/* End PBXSourcesBuildPhase section */

/* Begin PBXVariantGroup section */
		647CD4262AB4C06D008F4B46 /* Main.storyboard */ = {
			isa = PBXVariantGroup;
			children = (
				647CD4272AB4C06D008F4B46 /* Base */,
			);
			name = Main.storyboard;
			sourceTree = "<group>";
		};
		647CD42E2AB4C06E008F4B46 /* LaunchScreen.storyboard */ = {
			isa = PBXVariantGroup;
			children = (
				647CD42F2AB4C06E008F4B46 /* Base */,
			);
			name = LaunchScreen.storyboard;
			sourceTree = "<group>";
		};
/* End PBXVariantGroup section */

/* Begin XCBuildConfiguration section */
		647CD4322AB4C06E008F4B46 /* Debug */ = {
			isa = XCBuildConfiguration;
			buildSettings = {
				ALWAYS_SEARCH_USER_PATHS = NO;
				CLANG_ANALYZER_NONNULL = YES;
				CLANG_ANALYZER_NUMBER_OBJECT_CONVERSION = YES_AGGRESSIVE;
				CLANG_CXX_LANGUAGE_STANDARD = "gnu++20";
				CLANG_ENABLE_MODULES = YES;
				CLANG_ENABLE_OBJC_ARC = YES;
				CLANG_ENABLE_OBJC_WEAK = YES;
				CLANG_WARN_BLOCK_CAPTURE_AUTORELEASING = YES;
				CLANG_WARN_BOOL_CONVERSION = YES;
				CLANG_WARN_COMMA = YES;
				CLANG_WARN_CONSTANT_CONVERSION = YES;
				CLANG_WARN_DEPRECATED_OBJC_IMPLEMENTATIONS = YES;
				CLANG_WARN_DIRECT_OBJC_ISA_USAGE = YES_ERROR;
				CLANG_WARN_DOCUMENTATION_COMMENTS = YES;
				CLANG_WARN_EMPTY_BODY = YES;
				CLANG_WARN_ENUM_CONVERSION = YES;
				CLANG_WARN_INFINITE_RECURSION = YES;
				CLANG_WARN_INT_CONVERSION = YES;
				CLANG_WARN_NON_LITERAL_NULL_CONVERSION = YES;
				CLANG_WARN_OBJC_IMPLICIT_RETAIN_SELF = YES;
				CLANG_WARN_OBJC_LITERAL_CONVERSION = YES;
				CLANG_WARN_OBJC_ROOT_CLASS = YES_ERROR;
				CLANG_WARN_QUOTED_INCLUDE_IN_FRAMEWORK_HEADER = YES;
				CLANG_WARN_RANGE_LOOP_ANALYSIS = YES;
				CLANG_WARN_STRICT_PROTOTYPES = YES;
				CLANG_WARN_SUSPICIOUS_MOVE = YES;
				CLANG_WARN_UNGUARDED_AVAILABILITY = YES_AGGRESSIVE;
				CLANG_WARN_UNREACHABLE_CODE = YES;
				CLANG_WARN__DUPLICATE_METHOD_MATCH = YES;
				COPY_PHASE_STRIP = NO;
				DEBUG_INFORMATION_FORMAT = dwarf;
				ENABLE_STRICT_OBJC_MSGSEND = YES;
				ENABLE_TESTABILITY = YES;
				GCC_C_LANGUAGE_STANDARD = gnu11;
				GCC_DYNAMIC_NO_PIC = NO;
				GCC_NO_COMMON_BLOCKS = YES;
				GCC_OPTIMIZATION_LEVEL = 0;
				GCC_PREPROCESSOR_DEFINITIONS = (
					"DEBUG=1",
					"$(inherited)",
				);
				GCC_WARN_64_TO_32_BIT_CONVERSION = YES;
				GCC_WARN_ABOUT_RETURN_TYPE = YES_ERROR;
				GCC_WARN_UNDECLARED_SELECTOR = YES;
				GCC_WARN_UNINITIALIZED_AUTOS = YES_AGGRESSIVE;
				GCC_WARN_UNUSED_FUNCTION = YES;
				GCC_WARN_UNUSED_VARIABLE = YES;
				IPHONEOS_DEPLOYMENT_TARGET = 16.2;
				MTL_ENABLE_DEBUG_INFO = INCLUDE_SOURCE;
				MTL_FAST_MATH = YES;
				ONLY_ACTIVE_ARCH = YES;
				SDKROOT = iphoneos;
				SWIFT_ACTIVE_COMPILATION_CONDITIONS = DEBUG;
				SWIFT_OPTIMIZATION_LEVEL = "-Onone";
			};
			name = Debug;
		};
		647CD4332AB4C06E008F4B46 /* Release */ = {
			isa = XCBuildConfiguration;
			buildSettings = {
				ALWAYS_SEARCH_USER_PATHS = NO;
				CLANG_ANALYZER_NONNULL = YES;
				CLANG_ANALYZER_NUMBER_OBJECT_CONVERSION = YES_AGGRESSIVE;
				CLANG_CXX_LANGUAGE_STANDARD = "gnu++20";
				CLANG_ENABLE_MODULES = YES;
				CLANG_ENABLE_OBJC_ARC = YES;
				CLANG_ENABLE_OBJC_WEAK = YES;
				CLANG_WARN_BLOCK_CAPTURE_AUTORELEASING = YES;
				CLANG_WARN_BOOL_CONVERSION = YES;
				CLANG_WARN_COMMA = YES;
				CLANG_WARN_CONSTANT_CONVERSION = YES;
				CLANG_WARN_DEPRECATED_OBJC_IMPLEMENTATIONS = YES;
				CLANG_WARN_DIRECT_OBJC_ISA_USAGE = YES_ERROR;
				CLANG_WARN_DOCUMENTATION_COMMENTS = YES;
				CLANG_WARN_EMPTY_BODY = YES;
				CLANG_WARN_ENUM_CONVERSION = YES;
				CLANG_WARN_INFINITE_RECURSION = YES;
				CLANG_WARN_INT_CONVERSION = YES;
				CLANG_WARN_NON_LITERAL_NULL_CONVERSION = YES;
				CLANG_WARN_OBJC_IMPLICIT_RETAIN_SELF = YES;
				CLANG_WARN_OBJC_LITERAL_CONVERSION = YES;
				CLANG_WARN_OBJC_ROOT_CLASS = YES_ERROR;
				CLANG_WARN_QUOTED_INCLUDE_IN_FRAMEWORK_HEADER = YES;
				CLANG_WARN_RANGE_LOOP_ANALYSIS = YES;
				CLANG_WARN_STRICT_PROTOTYPES = YES;
				CLANG_WARN_SUSPICIOUS_MOVE = YES;
				CLANG_WARN_UNGUARDED_AVAILABILITY = YES_AGGRESSIVE;
				CLANG_WARN_UNREACHABLE_CODE = YES;
				CLANG_WARN__DUPLICATE_METHOD_MATCH = YES;
				COPY_PHASE_STRIP = NO;
				DEBUG_INFORMATION_FORMAT = "dwarf-with-dsym";
				ENABLE_NS_ASSERTIONS = NO;
				ENABLE_STRICT_OBJC_MSGSEND = YES;
				GCC_C_LANGUAGE_STANDARD = gnu11;
				GCC_NO_COMMON_BLOCKS = YES;
				GCC_WARN_64_TO_32_BIT_CONVERSION = YES;
				GCC_WARN_ABOUT_RETURN_TYPE = YES_ERROR;
				GCC_WARN_UNDECLARED_SELECTOR = YES;
				GCC_WARN_UNINITIALIZED_AUTOS = YES_AGGRESSIVE;
				GCC_WARN_UNUSED_FUNCTION = YES;
				GCC_WARN_UNUSED_VARIABLE = YES;
				IPHONEOS_DEPLOYMENT_TARGET = 16.2;
				MTL_ENABLE_DEBUG_INFO = NO;
				MTL_FAST_MATH = YES;
				SDKROOT = iphoneos;
				SWIFT_COMPILATION_MODE = wholemodule;
				SWIFT_OPTIMIZATION_LEVEL = "-O";
				VALIDATE_PRODUCT = YES;
			};
			name = Release;
		};
		647CD4352AB4C06E008F4B46 /* Debug */ = {
			isa = XCBuildConfiguration;
			buildSettings = {
				ASSETCATALOG_COMPILER_APPICON_NAME = AppIcon;
				ASSETCATALOG_COMPILER_GLOBAL_ACCENT_COLOR_NAME = AccentColor;
				CODE_SIGN_STYLE = Automatic;
				CURRENT_PROJECT_VERSION = 1;
				GENERATE_INFOPLIST_FILE = YES;
				INFOPLIST_FILE = "CoreData-App/Info.plist";
				INFOPLIST_KEY_UIApplicationSupportsIndirectInputEvents = YES;
				INFOPLIST_KEY_UILaunchStoryboardName = LaunchScreen;
				INFOPLIST_KEY_UIMainStoryboardFile = Main;
				INFOPLIST_KEY_UISupportedInterfaceOrientations_iPad = "UIInterfaceOrientationPortrait UIInterfaceOrientationPortraitUpsideDown UIInterfaceOrientationLandscapeLeft UIInterfaceOrientationLandscapeRight";
				INFOPLIST_KEY_UISupportedInterfaceOrientations_iPhone = "UIInterfaceOrientationPortrait UIInterfaceOrientationLandscapeLeft UIInterfaceOrientationLandscapeRight";
				LD_RUNPATH_SEARCH_PATHS = (
					"$(inherited)",
					"@executable_path/Frameworks",
				);
				MARKETING_VERSION = 1.0;
				PRODUCT_BUNDLE_IDENTIFIER = "co.bahittin.CoreData-App";
				PRODUCT_NAME = "$(TARGET_NAME)";
				SWIFT_EMIT_LOC_STRINGS = YES;
				SWIFT_VERSION = 5.0;
				TARGETED_DEVICE_FAMILY = "1,2";
			};
			name = Debug;
		};
		647CD4362AB4C06E008F4B46 /* Release */ = {
			isa = XCBuildConfiguration;
			buildSettings = {
				ASSETCATALOG_COMPILER_APPICON_NAME = AppIcon;
				ASSETCATALOG_COMPILER_GLOBAL_ACCENT_COLOR_NAME = AccentColor;
				CODE_SIGN_STYLE = Automatic;
				CURRENT_PROJECT_VERSION = 1;
				GENERATE_INFOPLIST_FILE = YES;
				INFOPLIST_FILE = "CoreData-App/Info.plist";
				INFOPLIST_KEY_UIApplicationSupportsIndirectInputEvents = YES;
				INFOPLIST_KEY_UILaunchStoryboardName = LaunchScreen;
				INFOPLIST_KEY_UIMainStoryboardFile = Main;
				INFOPLIST_KEY_UISupportedInterfaceOrientations_iPad = "UIInterfaceOrientationPortrait UIInterfaceOrientationPortraitUpsideDown UIInterfaceOrientationLandscapeLeft UIInterfaceOrientationLandscapeRight";
				INFOPLIST_KEY_UISupportedInterfaceOrientations_iPhone = "UIInterfaceOrientationPortrait UIInterfaceOrientationLandscapeLeft UIInterfaceOrientationLandscapeRight";
				LD_RUNPATH_SEARCH_PATHS = (
					"$(inherited)",
					"@executable_path/Frameworks",
				);
				MARKETING_VERSION = 1.0;
				PRODUCT_BUNDLE_IDENTIFIER = "co.bahittin.CoreData-App";
				PRODUCT_NAME = "$(TARGET_NAME)";
				SWIFT_EMIT_LOC_STRINGS = YES;
				SWIFT_VERSION = 5.0;
				TARGETED_DEVICE_FAMILY = "1,2";
			};
			name = Release;
		};
/* End XCBuildConfiguration section */

/* Begin XCConfigurationList section */
		647CD4182AB4C06D008F4B46 /* Build configuration list for PBXProject "CoreData-App" */ = {
			isa = XCConfigurationList;
			buildConfigurations = (
				647CD4322AB4C06E008F4B46 /* Debug */,
				647CD4332AB4C06E008F4B46 /* Release */,
			);
			defaultConfigurationIsVisible = 0;
			defaultConfigurationName = Release;
		};
		647CD4342AB4C06E008F4B46 /* Build configuration list for PBXNativeTarget "CoreData-App" */ = {
			isa = XCConfigurationList;
			buildConfigurations = (
				647CD4352AB4C06E008F4B46 /* Debug */,
				647CD4362AB4C06E008F4B46 /* Release */,
			);
			defaultConfigurationIsVisible = 0;
			defaultConfigurationName = Release;
		};
/* End XCConfigurationList section */

/* Begin XCVersionGroup section */
		647CD4292AB4C06D008F4B46 /* CoreData_App.xcdatamodeld */ = {
			isa = XCVersionGroup;
			children = (
				647CD42A2AB4C06D008F4B46 /* CoreData_App.xcdatamodel */,
			);
			currentVersion = 647CD42A2AB4C06D008F4B46 /* CoreData_App.xcdatamodel */;
			path = CoreData_App.xcdatamodeld;
			sourceTree = "<group>";
			versionGroupType = wrapper.xcdatamodel;
		};
/* End XCVersionGroup section */
	};
	rootObject = 647CD4152AB4C06D008F4B46 /* Project object */;
}
